
Microsoft Visual Studio Solution File, Format Version 11.00
# Visual Studio 2010
Project("{8BC9CEB8-8B4A-11D0-8D11-00A0C91BC942}") = "glic", "glic.vcxproj", "{C88429D7-E50A-4879-B3C8-9511F482AFFB}"
EndProject
Global
	GlobalSection(SolutionConfigurationPlatforms) = preSolution
		Debug|Win32 = Debug|Win32
		Release|Win32 = Release|Win32
	EndGlobalSection
	GlobalSection(ProjectConfigurationPlatforms) = postSolution
		{C88429D7-E50A-4879-B3C8-9511F482AFFB}.Debug|Win32.ActiveCfg = Debug|Win32
		{C88429D7-E50A-4879-B3C8-9511F482AFFB}.Debug|Win32.Build.0 = Debug|Win32
		{C88429D7-E50A-4879-B3C8-9511F482AFFB}.Release|Win32.ActiveCfg = Release|Win32
		{C88429D7-E50A-4879-B3C8-9511F482AFFB}.Release|Win32.Build.0 = Release|Win32
	EndGlobalSection
	GlobalSection(SolutionProperties) = preSolution
		HideSolutionNode = FALSE
	EndGlobalSection
EndGlobal
